<?xml version="1.0" encoding="utf-8"?>
<Project ToolsVersion="4.0" xmlns="http://schemas.microsoft.com/developer/msbuild/2003">
  <ItemGroup>
    <ClCompile Include="..\Contour.cpp">
      <Filter>Source Code</Filter>
    </ClCompile>
    <ClCompile Include="..\CorrectionOfExposition.cpp">
      <Filter>Source Code</Filter>
    </ClCompile>
    <ClCompile Include="..\deletenoise.cpp">
      <Filter>Source Code</Filter>
    </ClCompile>
    <ClCompile Include="..\graphUtils\GraphUtils.cpp">
      <Filter>External Libraries</Filter>
    </ClCompile>
    <ClCompile Include="main.cpp">
      <Filter>Source Code</Filter>
    </ClCompile>
    <ClCompile Include="..\Motion detection\ViBe\ViBe.cpp">
      <Filter>Source Code</Filter>
    </ClCompile>
    <ClCompile Include="..\Motion detection\ViBe_plus\ViBe_plus.cpp">
      <Filter>Source Code</Filter>
    </ClCompile>
    <ClCompile Include="..\VideoSequenceCapture.cpp">
      <Filter>Source Code</Filter>
    </ClCompile>
  </ItemGroup>
  <ItemGroup>
    <ClInclude Include="..\Contour.h">
      <Filter>Headers</Filter>
    </ClInclude>
    <ClInclude Include="..\CorrectionOfExposition.h">
      <Filter>Headers</Filter>
    </ClInclude>
    <ClInclude Include="..\deletenoise.h">
      <Filter>Headers</Filter>
    </ClInclude>
    <ClInclude Include="..\graphUtils\GraphUtils.h">
      <Filter>External Libraries</Filter>
    </ClInclude>
    <ClInclude Include="..\Motion detection\ViBe\ViBe.h">
      <Filter>Headers</Filter>
    </ClInclude>
    <ClInclude Include="..\Motion detection\ViBe_plus\ViBe_plus.h">
      <Filter>Headers</Filter>
    </ClInclude>
    <ClInclude Include="..\VideoSequenceCapture.h">
      <Filter>Headers</Filter>
    </ClInclude>
  </ItemGroup>
  <ItemGroup>
    <Filter Include="Source Code">
      <UniqueIdentifier>{32274395-36f4-450b-8fae-f7f21b525c4e}</UniqueIdentifier>
    </Filter>
    <Filter Include="External Libraries">
      <UniqueIdentifier>{b03a51aa-7f79-4164-9862-f8aa38ef90b0}</UniqueIdentifier>
    </Filter>
    <Filter Include="Headers">
      <UniqueIdentifier>{f0e29d73-6e44-4b2b-9a03-7fe2ec483033}</UniqueIdentifier>
    </Filter>
  </ItemGroup>
</Project>